
Microsoft Visual Studio Solution File, Format Version 12.00
# Visual Studio 14
VisualStudioVersion = 14.0.25420.1
MinimumVisualStudioVersion = 10.0.40219.1
Project("{2150E333-8FDC-42A3-9474-1A3956D46DE8}") = "_includes", "_includes", "{9127C758-ABA0-4824-9FBC-EDD72B6DC0C2}"
	ProjectSection(SolutionItems) = preProject
		..\_includes\blog.html = ..\_includes\blog.html
		..\_includes\contribute.html = ..\_includes\contribute.html
		..\_includes\form.html = ..\_includes\form.html
		..\_includes\image.html = ..\_includes\image.html
		..\_includes\intro.html = ..\_includes\intro.html
		..\_includes\navbar.html = ..\_includes\navbar.html
		..\_includes\portfolio.html = ..\_includes\portfolio.html
		..\_includes\portfolio2.html = ..\_includes\portfolio2.html
	EndProjectSection
EndProject
Project("{2150E333-8FDC-42A3-9474-1A3956D46DE8}") = "_layouts", "_layouts", "{04FB8AF8-972F-43C6-8CD1-BC90D7E9EE76}"
	ProjectSection(SolutionItems) = preProject
		..\_layouts\default.html = ..\_layouts\default.html
		..\_layouts\post_default.html = ..\_layouts\post_default.html
	EndProjectSection
EndProject
Project("{2150E333-8FDC-42A3-9474-1A3956D46DE8}") = "_posts", "_posts", "{CF4F58DA-B97D-4E39-973C-7F771D49BCFD}"
	ProjectSection(SolutionItems) = preProject
		..\_posts\2017-02-04-Podcast-1.md = ..\_posts\2017-02-04-Podcast-1.md
		..\_posts\2017-02-04-Podcast-2.md = ..\_posts\2017-02-04-Podcast-2.md
		..\_posts\2017-02-04-Podcast-3-Coming-April-01.md = ..\_posts\2017-02-04-Podcast-3-Coming-April-01.md
	EndProjectSection
EndProject
Project("{2150E333-8FDC-42A3-9474-1A3956D46DE8}") = "_sass", "_sass", "{54B13EEB-1249-4CBB-B3C2-E57B75FFAD3F}"
	ProjectSection(SolutionItems) = preProject
		..\_sass\_base.scss = ..\_sass\_base.scss
		..\_sass\_site.scss = ..\_sass\_site.scss
	EndProjectSection
EndProject
Project("{2150E333-8FDC-42A3-9474-1A3956D46DE8}") = "Debug", "Debug", "{4D179C50-0B4C-4604-93EE-C061464FB1E1}"
EndProject
Project("{2150E333-8FDC-42A3-9474-1A3956D46DE8}") = "font-awesome", "font-awesome", "{EE8A643B-3DB1-403B-A382-6BE4EDA0A848}"
	ProjectSection(SolutionItems) = preProject
		..\font-awesome\css\font-awesome.css = ..\font-awesome\css\font-awesome.css
		..\font-awesome\css\font-awesome.min.css = ..\font-awesome\css\font-awesome.min.css
	EndProjectSection
EndProject
Project("{2150E333-8FDC-42A3-9474-1A3956D46DE8}") = "fonts", "fonts", "{27B43180-3108-406B-B63F-DE5FAAC40E5B}"
	ProjectSection(SolutionItems) = preProject
		..\fonts\glyphicons-halflings-regular.eot = ..\fonts\glyphicons-halflings-regular.eot
		..\fonts\glyphicons-halflings-regular.svg = ..\fonts\glyphicons-halflings-regular.svg
		..\fonts\glyphicons-halflings-regular.ttf = ..\fonts\glyphicons-halflings-regular.ttf
		..\fonts\glyphicons-halflings-regular.woff = ..\fonts\glyphicons-halflings-regular.woff
		..\fonts\glyphicons-halflings-regular.woff2 = ..\fonts\glyphicons-halflings-regular.woff2
	EndProjectSection
EndProject
Project("{2150E333-8FDC-42A3-9474-1A3956D46DE8}") = "icomoon", "icomoon", "{4C30770E-CCE0-4BB1-B2D9-9B0EF7CD214A}"
	ProjectSection(SolutionItems) = preProject
		..\icomoon\demo.html = ..\icomoon\demo.html
		..\icomoon\Read Me.txt = ..\icomoon\Read Me.txt
		..\icomoon\selection.json = ..\icomoon\selection.json
		..\icomoon\style.css = ..\icomoon\style.css
	EndProjectSection
EndProject
Project("{2150E333-8FDC-42A3-9474-1A3956D46DE8}") = "images", "images", "{F3F2EFDD-D468-400A-BE1B-3999F05251FA}"
	ProjectSection(SolutionItems) = preProject
		..\images\FullMontage.jpg = ..\images\FullMontage.jpg
	EndProjectSection
EndProject
Project("{2150E333-8FDC-42A3-9474-1A3956D46DE8}") = "img", "img", "{F2A8F8E6-DC63-4E8B-964E-603047566D03}"
	ProjectSection(SolutionItems) = preProject
		..\img\header.jpg = ..\img\header.jpg
	EndProjectSection
EndProject
Project("{2150E333-8FDC-42A3-9474-1A3956D46DE8}") = "js", "js", "{DC7FE35F-FCD8-4747-B101-93EA9B19968A}"
	ProjectSection(SolutionItems) = preProject
		..\js\bootstrap.js = ..\js\bootstrap.js
		..\js\bootstrap.min.js = ..\js\bootstrap.min.js
		..\js\cbpAnimatedHeader.js = ..\js\cbpAnimatedHeader.js
		..\js\classie.js = ..\js\classie.js
		..\js\creative.js = ..\js\creative.js
		..\js\jquery.easing.min.js = ..\js\jquery.easing.min.js
		..\js\jquery.fittext.js = ..\js\jquery.fittext.js
		..\js\jquery.js = ..\js\jquery.js
		..\js\wow.min.js = ..\js\wow.min.js
	EndProjectSection
EndProject
Project("{2150E333-8FDC-42A3-9474-1A3956D46DE8}") = "less", "less", "{9037F25E-E0A7-44D0-B6D0-16A405957CDE}"
	ProjectSection(SolutionItems) = preProject
		..\less\creative.less = ..\less\creative.less
		..\less\mixins.less = ..\less\mixins.less
		..\less\variables.less = ..\less\variables.less
	EndProjectSection
EndProject
Project("{2150E333-8FDC-42A3-9474-1A3956D46DE8}") = "Components", "Components", "{6A1F38B6-156D-4A7F-9155-FC224C6C8215}"
	ProjectSection(SolutionItems) = preProject
		..\_sass\components\_autocomplete.scss = ..\_sass\components\_autocomplete.scss
	EndProjectSection
EndProject
Project("{2150E333-8FDC-42A3-9474-1A3956D46DE8}") = "demo-files", "demo-files", "{E3DC376C-7B97-4C90-9D25-5B49144B88C1}"
	ProjectSection(SolutionItems) = preProject
		..\icomoon\demo-files\demo.css = ..\icomoon\demo-files\demo.css
		..\icomoon\demo-files\demo.js = ..\icomoon\demo-files\demo.js
	EndProjectSection
EndProject
Project("{2150E333-8FDC-42A3-9474-1A3956D46DE8}") = "fonts", "fonts", "{4639FB77-7DC0-483F-B01D-F0C9AEE52062}"
	ProjectSection(SolutionItems) = preProject
		..\icomoon\fonts\icomoon.eot = ..\icomoon\fonts\icomoon.eot
		..\icomoon\fonts\icomoon.svg = ..\icomoon\fonts\icomoon.svg
		..\icomoon\fonts\icomoon.ttf = ..\icomoon\fonts\icomoon.ttf
		..\icomoon\fonts\icomoon.woff = ..\icomoon\fonts\icomoon.woff
	EndProjectSection
EndProject
Project("{2150E333-8FDC-42A3-9474-1A3956D46DE8}") = "Solution Items", "Solution Items", "{DDDD59A5-F476-4440-8C42-21E7DBC3E3D1}"
	ProjectSection(SolutionItems) = preProject
		..\.gitattributes = ..\.gitattributes
		..\.gitignore = ..\.gitignore
		..\_config.yml = ..\_config.yml
		..\_site 2.zip = ..\_site 2.zip
		..\config.yml = ..\config.yml
		..\contact_form.html = ..\contact_form.html
		..\index.html = ..\index.html
		..\jquery-1.12.0.js = ..\jquery-1.12.0.js
		..\README.md = ..\README.md
	EndProjectSection
EndProject
Global
	GlobalSection(SolutionProperties) = preSolution
		HideSolutionNode = FALSE
	EndGlobalSection
	GlobalSection(NestedProjects) = preSolution
		{6A1F38B6-156D-4A7F-9155-FC224C6C8215} = {54B13EEB-1249-4CBB-B3C2-E57B75FFAD3F}
		{E3DC376C-7B97-4C90-9D25-5B49144B88C1} = {4C30770E-CCE0-4BB1-B2D9-9B0EF7CD214A}
		{4639FB77-7DC0-483F-B01D-F0C9AEE52062} = {4C30770E-CCE0-4BB1-B2D9-9B0EF7CD214A}
	EndGlobalSection
EndGlobal
